// !$*UTF8*$!
{
	archiveVersion = 1;
	classes = {
	};
	objectVersion = 46;
	objects = {

/* Begin PBXBuildFile section */
		53C5863614EF6A120097BE50 /* UIKit.framework in Frameworks */ = {isa = PBXBuildFile; fileRef = 53C5863514EF6A120097BE50 /* UIKit.framework */; };
		53C5863814EF6A120097BE50 /* Foundation.framework in Frameworks */ = {isa = PBXBuildFile; fileRef = 53C5863714EF6A120097BE50 /* Foundation.framework */; };
		53C5863A14EF6A120097BE50 /* CoreGraphics.framework in Frameworks */ = {isa = PBXBuildFile; fileRef = 53C5863914EF6A120097BE50 /* CoreGraphics.framework */; };
		53C5864014EF6A120097BE50 /* InfoPlist.strings in Resources */ = {isa = PBXBuildFile; fileRef = 53C5863E14EF6A120097BE50 /* InfoPlist.strings */; };
		53C5864214EF6A120097BE50 /* main.m in Sources */ = {isa = PBXBuildFile; fileRef = 53C5864114EF6A120097BE50 /* main.m */; };
		53C5864614EF6A120097BE50 /* HHAppDelegate.m in Sources */ = {isa = PBXBuildFile; fileRef = 53C5864514EF6A120097BE50 /* HHAppDelegate.m */; };
		53C5864914EF6A120097BE50 /* HHViewController.m in Sources */ = {isa = PBXBuildFile; fileRef = 53C5864814EF6A120097BE50 /* HHViewController.m */; };
		53C5864C14EF6A120097BE50 /* HHViewController.xib in Resources */ = {isa = PBXBuildFile; fileRef = 53C5864A14EF6A120097BE50 /* HHViewController.xib */; };
/* End PBXBuildFile section */

/* Begin PBXFileReference section */
		53C5863114EF6A120097BE50 /* pathsleep.app */ = {isa = PBXFileReference; explicitFileType = wrapper.application; includeInIndex = 0; path = pathsleep.app; sourceTree = BUILT_PRODUCTS_DIR; };
		53C5863514EF6A120097BE50 /* UIKit.framework */ = {isa = PBXFileReference; lastKnownFileType = wrapper.framework; name = UIKit.framework; path = System/Library/Frameworks/UIKit.framework; sourceTree = SDKROOT; };
		53C5863714EF6A120097BE50 /* Foundation.framework */ = {isa = PBXFileReference; lastKnownFileType = wrapper.framework; name = Foundation.framework; path = System/Library/Frameworks/Foundation.framework; sourceTree = SDKROOT; };
		53C5863914EF6A120097BE50 /* CoreGraphics.framework */ = {isa = PBXFileReference; lastKnownFileType = wrapper.framework; name = CoreGraphics.framework; path = System/Library/Frameworks/CoreGraphics.framework; sourceTree = SDKROOT; };
		53C5863D14EF6A120097BE50 /* pathsleep-Info.plist */ = {isa = PBXFileReference; path = "pathsleep-Info.plist"; sourceTree = "<group>"; };
		53C5863F14EF6A120097BE50 /* en */ = {isa = PBXFileReference; lastKnownFileType = text.plist.strings; name = en; path = en.lproj/InfoPlist.strings; sourceTree = "<group>"; };
		53C5864114EF6A120097BE50 /* main.m */ = {isa = PBXFileReference; lastKnownFileType = sourcecode.c.objc; path = main.m; sourceTree = "<group>"; };
		53C5864314EF6A120097BE50 /* pathsleep-Prefix.pch */ = {isa = PBXFileReference; path = "pathsleep-Prefix.pch"; sourceTree = "<group>"; };
		53C5864414EF6A120097BE50 /* HHAppDelegate.h */ = {isa = PBXFileReference; path = HHAppDelegate.h; sourceTree = "<group>"; };
		53C5864514EF6A120097BE50 /* HHAppDelegate.m */ = {isa = PBXFileReference; lastKnownFileType = sourcecode.c.objc; path = HHAppDelegate.m; sourceTree = "<group>"; };
		53C5864714EF6A120097BE50 /* HHViewController.h */ = {isa = PBXFileReference; path = HHViewController.h; sourceTree = "<group>"; };
		53C5864814EF6A120097BE50 /* HHViewController.m */ = {isa = PBXFileReference; lastKnownFileType = sourcecode.c.objc; path = HHViewController.m; sourceTree = "<group>"; };
		53C5864B14EF6A120097BE50 /* en */ = {isa = PBXFileReference; lastKnownFileType = file.xib; name = en; path = en.lproj/HHViewController.xib; sourceTree = "<group>"; };
/* End PBXFileReference section */

/* Begin PBXFrameworksBuildPhase section */
		53C5862E14EF6A120097BE50 /* Frameworks */ = {
			isa = PBXFrameworksBuildPhase;
			buildActionMask = 2147483647;
			files = (
				53C5863614EF6A120097BE50 /* UIKit.framework in Frameworks */,
				53C5863814EF6A120097BE50 /* Foundation.framework in Frameworks */,
				53C5863A14EF6A120097BE50 /* CoreGraphics.framework in Frameworks */,
			);
			runOnlyForDeploymentPostprocessing = 0;
		};
/* End PBXFrameworksBuildPhase section */

/* Begin PBXGroup section */
		53C5862614EF6A120097BE50 = {
			isa = PBXGroup;
			children = (
				53C5863B14EF6A120097BE50 /* pathsleep */,
				53C5863414EF6A120097BE50 /* Frameworks */,
				53C5863214EF6A120097BE50 /* Products */,
			);
			sourceTree = "<group>";
		};
		53C5863214EF6A120097BE50 /* Products */ = {
			isa = PBXGroup;
			children = (
				53C5863114EF6A120097BE50 /* pathsleep.app */,
			);
			name = Products;
			sourceTree = "<group>";
		};
		53C5863414EF6A120097BE50 /* Frameworks */ = {
			isa = PBXGroup;
			children = (
				53C5863514EF6A120097BE50 /* UIKit.framework */,
				53C5863714EF6A120097BE50 /* Foundation.framework */,
				53C5863914EF6A120097BE50 /* CoreGraphics.framework */,
			);
			name = Frameworks;
			sourceTree = "<group>";
		};
		53C5863B14EF6A120097BE50 /* pathsleep */ = {
			isa = PBXGroup;
			children = (
				53C5864414EF6A120097BE50 /* HHAppDelegate.h */,
				53C5864514EF6A120097BE50 /* HHAppDelegate.m */,
				53C5864714EF6A120097BE50 /* HHViewController.h */,
				53C5864814EF6A120097BE50 /* HHViewController.m */,
				53C5864A14EF6A120097BE50 /* HHViewController.xib */,
				53C5863C14EF6A120097BE50 /* Supporting Files */,
			);
			path = pathsleep;
			sourceTree = "<group>";
		};
		53C5863C14EF6A120097BE50 /* Supporting Files */ = {
			isa = PBXGroup;
			children = (
				53C5863D14EF6A120097BE50 /* pathsleep-Info.plist */,
				53C5863E14EF6A120097BE50 /* InfoPlist.strings */,
				53C5864114EF6A120097BE50 /* main.m */,
				53C5864314EF6A120097BE50 /* pathsleep-Prefix.pch */,
			);
			name = "Supporting Files";
			sourceTree = "<group>";
		};
/* End PBXGroup section */

/* Begin PBXNativeTarget section */
		53C5863014EF6A120097BE50 /* pathsleep */ = {
			isa = PBXNativeTarget;
			buildConfigurationList = 53C5864F14EF6A120097BE50 /* Build configuration list for PBXNativeTarget "pathsleep" */;
			buildPhases = (
				53C5862D14EF6A120097BE50 /* Sources */,
				53C5862E14EF6A120097BE50 /* Frameworks */,
				53C5862F14EF6A120097BE50 /* Resources */,
			);
			buildRules = (
			);
			dependencies = (
			);
			name = pathsleep;
			productName = pathsleep;
			productReference = 53C5863114EF6A120097BE50 /* pathsleep.app */;
			productType = "com.apple.product-type.application";
		};
/* End PBXNativeTarget section */

/* Begin PBXProject section */
		53C5862814EF6A120097BE50 /* Project object */ = {
			isa = PBXProject;
			attributes = {
				LastUpgradeCheck = 0420;
				ORGANIZATIONNAME = "Tian Tian Tai Mei Net Tech (Bei Jing) Lt.d";
			};
			buildConfigurationList = 53C5862B14EF6A120097BE50 /* Build configuration list for PBXProject "pathsleep" */;
			compatibilityVersion = "Xcode 3.2";
			developmentRegion = English;
			hasScannedForEncodings = 0;
			knownRegions = (
				en,
			);
			mainGroup = 53C5862614EF6A120097BE50;
			productRefGroup = 53C5863214EF6A120097BE50 /* Products */;
			projectDirPath = "";
			projectRoot = "";
			targets = (
				53C5863014EF6A120097BE50 /* pathsleep */,
			);
		};
/* End PBXProject section */

/* Begin PBXResourcesBuildPhase section */
		53C5862F14EF6A120097BE50 /* Resources */ = {
			isa = PBXResourcesBuildPhase;
			buildActionMask = 2147483647;
			files = (
				53C5864014EF6A120097BE50 /* InfoPlist.strings in Resources */,
				53C5864C14EF6A120097BE50 /* HHViewController.xib in Resources */,
			);
			runOnlyForDeploymentPostprocessing = 0;
		};
/* End PBXResourcesBuildPhase section */

/* Begin PBXSourcesBuildPhase section */
		53C5862D14EF6A120097BE50 /* Sources */ = {
			isa = PBXSourcesBuildPhase;
			buildActionMask = 2147483647;
			files = (
				53C5864214EF6A120097BE50 /* main.m in Sources */,
				53C5864614EF6A120097BE50 /* HHAppDelegate.m in Sources */,
				53C5864914EF6A120097BE50 /* HHViewController.m in Sources */,
			);
			runOnlyForDeploymentPostprocessing = 0;
		};
/* End PBXSourcesBuildPhase section */

/* Begin PBXVariantGroup section */
		53C5863E14EF6A120097BE50 /* InfoPlist.strings */ = {
			isa = PBXVariantGroup;
			children = (
				53C5863F14EF6A120097BE50 /* en */,
			);
			name = InfoPlist.strings;
			sourceTree = "<group>";
		};
		53C5864A14EF6A120097BE50 /* HHViewController.xib */ = {
			isa = PBXVariantGroup;
			children = (
				53C5864B14EF6A120097BE50 /* en */,
			);
			name = HHViewController.xib;
			sourceTree = "<group>";
		};
/* End PBXVariantGroup section */

/* Begin XCBuildConfiguration section */
		53C5864D14EF6A120097BE50 /* Debug */ = {
			isa = XCBuildConfiguration;
			buildSettings = {
				ALWAYS_SEARCH_USER_PATHS = NO;
				ARCHS = "$(ARCHS_STANDARD_32_BIT)";
				"CODE_SIGN_IDENTITY[sdk=iphoneos*]" = "iPhone Developer";
				COPY_PHASE_STRIP = NO;
				GCC_C_LANGUAGE_STANDARD = gnu99;
				GCC_DYNAMIC_NO_PIC = NO;
				GCC_OPTIMIZATION_LEVEL = 0;
				GCC_PREPROCESSOR_DEFINITIONS = (
					"DEBUG=1",
					"$(inherited)",
				);
				GCC_SYMBOLS_PRIVATE_EXTERN = NO;
				GCC_VERSION = com.apple.compilers.llvm.clang.1_0;
				GCC_WARN_ABOUT_MISSING_PROTOTYPES = YES;
				GCC_WARN_ABOUT_RETURN_TYPE = YES;
				GCC_WARN_UNUSED_VARIABLE = YES;
				IPHONEOS_DEPLOYMENT_TARGET = 5.0;
				SDKROOT = iphoneos;
			};
			name = Debug;
		};
		53C5864E14EF6A120097BE50 /* Release */ = {
			isa = XCBuildConfiguration;
			buildSettings = {
				ALWAYS_SEARCH_USER_PATHS = NO;
				ARCHS = "$(ARCHS_STANDARD_32_BIT)";
				"CODE_SIGN_IDENTITY[sdk=iphoneos*]" = "iPhone Developer";
				COPY_PHASE_STRIP = YES;
				GCC_C_LANGUAGE_STANDARD = gnu99;
				GCC_VERSION = com.apple.compilers.llvm.clang.1_0;
				GCC_WARN_ABOUT_MISSING_PROTOTYPES = YES;
				GCC_WARN_ABOUT_RETURN_TYPE = YES;
				GCC_WARN_UNUSED_VARIABLE = YES;
				IPHONEOS_DEPLOYMENT_TARGET = 5.0;
				OTHER_CFLAGS = "-DNS_BLOCK_ASSERTIONS=1";
				SDKROOT = iphoneos;
				VALIDATE_PRODUCT = YES;
			};
			name = Release;
		};
		53C5865014EF6A120097BE50 /* Debug */ = {
			isa = XCBuildConfiguration;
			buildSettings = {
				GCC_PRECOMPILE_PREFIX_HEADER = YES;
				GCC_PREFIX_HEADER = "pathsleep/pathsleep-Prefix.pch";
				INFOPLIST_FILE = "pathsleep/pathsleep-Info.plist";
				PRODUCT_NAME = "$(TARGET_NAME)";
				WRAPPER_EXTENSION = app;
			};
			name = Debug;
		};
		53C5865114EF6A120097BE50 /* Release */ = {
			isa = XCBuildConfiguration;
			buildSettings = {
				GCC_PRECOMPILE_PREFIX_HEADER = YES;
				GCC_PREFIX_HEADER = "pathsleep/pathsleep-Prefix.pch";
				INFOPLIST_FILE = "pathsleep/pathsleep-Info.plist";
				PRODUCT_NAME = "$(TARGET_NAME)";
				WRAPPER_EXTENSION = app;
			};
			name = Release;
		};
/* End XCBuildConfiguration section */

/* Begin XCConfigurationList section */
		53C5862B14EF6A120097BE50 /* Build configuration list for PBXProject "pathsleep" */ = {
			isa = XCConfigurationList;
			buildConfigurations = (
				53C5864D14EF6A120097BE50 /* Debug */,
				53C5864E14EF6A120097BE50 /* Release */,
			);
			defaultConfigurationIsVisible = 0;
			defaultConfigurationName = Release;
		};
		53C5864F14EF6A120097BE50 /* Build configuration list for PBXNativeTarget "pathsleep" */ = {
			isa = XCConfigurationList;
			buildConfigurations = (
				53C5865014EF6A120097BE50 /* Debug */,
				53C5865114EF6A120097BE50 /* Release */,
			);
			defaultConfigurationIsVisible = 0;
		};
/* End XCConfigurationList section */
	};
	rootObject = 53C5862814EF6A120097BE50 /* Project object */;
}
